
Microsoft Visual Studio Solution File, Format Version 12.00
# Visual Studio 2013
VisualStudioVersion = 12.0.30723.0
MinimumVisualStudioVersion = 10.0.40219.1
Project("{FAE04EC0-301F-11D3-BF4B-00C04F79EFBC}") = "Mindbox.Expressions", "Mindbox.Expressions\Mindbox.Expressions.csproj", "{518F49A8-875A-477F-8B13-15E2051B8516}"
EndProject
Project("{FAE04EC0-301F-11D3-BF4B-00C04F79EFBC}") = "Mindbox.Expressions.Tests", "Mindbox.Expressions.Tests\Mindbox.Expressions.Tests.csproj", "{58CAAF5E-58F2-4224-B028-155E91F68F09}"
EndProject
Global
	GlobalSection(SolutionConfigurationPlatforms) = preSolution
		Debug|Any CPU = Debug|Any CPU
		Release|Any CPU = Release|Any CPU
	EndGlobalSection
	GlobalSection(ProjectConfigurationPlatforms) = postSolution
		{518F49A8-875A-477F-8B13-15E2051B8516}.Debug|Any CPU.ActiveCfg = Debug|Any CPU
		{518F49A8-875A-477F-8B13-15E2051B8516}.Debug|Any CPU.Build.0 = Debug|Any CPU
		{518F49A8-875A-477F-8B13-15E2051B8516}.Release|Any CPU.ActiveCfg = Release|Any CPU
		{518F49A8-875A-477F-8B13-15E2051B8516}.Release|Any CPU.Build.0 = Release|Any CPU
		{58CAAF5E-58F2-4224-B028-155E91F68F09}.Debug|Any CPU.ActiveCfg = Debug|Any CPU
		{58CAAF5E-58F2-4224-B028-155E91F68F09}.Debug|Any CPU.Build.0 = Debug|Any CPU
		{58CAAF5E-58F2-4224-B028-155E91F68F09}.Release|Any CPU.ActiveCfg = Release|Any CPU
		{58CAAF5E-58F2-4224-B028-155E91F68F09}.Release|Any CPU.Build.0 = Release|Any CPU
	EndGlobalSection
	GlobalSection(SolutionProperties) = preSolution
		HideSolutionNode = FALSE
	EndGlobalSection
EndGlobal
