
Microsoft Visual Studio Solution File, Format Version 12.00
# Visual Studio 15
VisualStudioVersion = 15.0.26906.1
MinimumVisualStudioVersion = 10.0.40219.1
Project("{9A19103F-16F7-4668-BE54-9A1E7A4F7556}") = "Mindbox.Expressions", "Mindbox.Expressions\Mindbox.Expressions.csproj", "{15A44413-C0DF-4D47-84EF-CECBBB08C873}"
EndProject
Project("{9A19103F-16F7-4668-BE54-9A1E7A4F7556}") = "Mindbox.Expressions.Tests", "Mindbox.Expressions.Tests\Mindbox.Expressions.Tests.csproj", "{AC4C873D-7F97-42AC-A37A-6BF046A4B99A}"
EndProject
Global
	GlobalSection(SolutionConfigurationPlatforms) = preSolution
		Debug|Any CPU = Debug|Any CPU
		Debug|x86 = Debug|x86
		Debug35|Any CPU = Debug35|Any CPU
		Debug35|x86 = Debug35|x86
		Debug40|Any CPU = Debug40|Any CPU
		Debug40|x86 = Debug40|x86
		Debug45|Any CPU = Debug45|Any CPU
		Debug45|x86 = Debug45|x86
		DebugCore45|Any CPU = DebugCore45|Any CPU
		DebugCore45|x86 = DebugCore45|x86
		DebugPortable328|Any CPU = DebugPortable328|Any CPU
		DebugPortable328|x86 = DebugPortable328|x86
		DebugPortable36|Any CPU = DebugPortable36|Any CPU
		DebugPortable36|x86 = DebugPortable36|x86
		DebugPortable88|Any CPU = DebugPortable88|Any CPU
		DebugPortable88|x86 = DebugPortable88|x86
		DebugSL3|Any CPU = DebugSL3|Any CPU
		DebugSL3|x86 = DebugSL3|x86
		DebugSL4|Any CPU = DebugSL4|Any CPU
		DebugSL4|x86 = DebugSL4|x86
		DebugSL5|Any CPU = DebugSL5|Any CPU
		DebugSL5|x86 = DebugSL5|x86
		DebugWP71|Any CPU = DebugWP71|Any CPU
		DebugWP71|x86 = DebugWP71|x86
		DebugWP8|Any CPU = DebugWP8|Any CPU
		DebugWP8|x86 = DebugWP8|x86
		DebugWPA81|Any CPU = DebugWPA81|Any CPU
		DebugWPA81|x86 = DebugWPA81|x86
		Release|Any CPU = Release|Any CPU
		Release|x86 = Release|x86
		Release35|Any CPU = Release35|Any CPU
		Release35|x86 = Release35|x86
		Release40|Any CPU = Release40|Any CPU
		Release40|x86 = Release40|x86
		Release45|Any CPU = Release45|Any CPU
		Release45|x86 = Release45|x86
		ReleaseCore45|Any CPU = ReleaseCore45|Any CPU
		ReleaseCore45|x86 = ReleaseCore45|x86
		ReleasePortable328|Any CPU = ReleasePortable328|Any CPU
		ReleasePortable328|x86 = ReleasePortable328|x86
		ReleasePortable36|Any CPU = ReleasePortable36|Any CPU
		ReleasePortable36|x86 = ReleasePortable36|x86
		ReleasePortable88|Any CPU = ReleasePortable88|Any CPU
		ReleasePortable88|x86 = ReleasePortable88|x86
		ReleaseSL3|Any CPU = ReleaseSL3|Any CPU
		ReleaseSL3|x86 = ReleaseSL3|x86
		ReleaseSL4|Any CPU = ReleaseSL4|Any CPU
		ReleaseSL4|x86 = ReleaseSL4|x86
		ReleaseSL5|Any CPU = ReleaseSL5|Any CPU
		ReleaseSL5|x86 = ReleaseSL5|x86
		ReleaseWP71|Any CPU = ReleaseWP71|Any CPU
		ReleaseWP71|x86 = ReleaseWP71|x86
		ReleaseWP8|Any CPU = ReleaseWP8|Any CPU
		ReleaseWP8|x86 = ReleaseWP8|x86
		ReleaseWPA81|Any CPU = ReleaseWPA81|Any CPU
		ReleaseWPA81|x86 = ReleaseWPA81|x86
	EndGlobalSection
	GlobalSection(ProjectConfigurationPlatforms) = postSolution
		{15A44413-C0DF-4D47-84EF-CECBBB08C873}.Debug|Any CPU.ActiveCfg = Debug|Any CPU
		{15A44413-C0DF-4D47-84EF-CECBBB08C873}.Debug|Any CPU.Build.0 = Debug|Any CPU
		{15A44413-C0DF-4D47-84EF-CECBBB08C873}.Debug|x86.ActiveCfg = Debug|Any CPU
		{15A44413-C0DF-4D47-84EF-CECBBB08C873}.Debug|x86.Build.0 = Debug|Any CPU
		{15A44413-C0DF-4D47-84EF-CECBBB08C873}.Debug35|Any CPU.ActiveCfg = Debug|Any CPU
		{15A44413-C0DF-4D47-84EF-CECBBB08C873}.Debug35|Any CPU.Build.0 = Debug|Any CPU
		{15A44413-C0DF-4D47-84EF-CECBBB08C873}.Debug35|x86.ActiveCfg = Debug|Any CPU
		{15A44413-C0DF-4D47-84EF-CECBBB08C873}.Debug35|x86.Build.0 = Debug|Any CPU
		{15A44413-C0DF-4D47-84EF-CECBBB08C873}.Debug40|Any CPU.ActiveCfg = Debug|Any CPU
		{15A44413-C0DF-4D47-84EF-CECBBB08C873}.Debug40|Any CPU.Build.0 = Debug|Any CPU
		{15A44413-C0DF-4D47-84EF-CECBBB08C873}.Debug40|x86.ActiveCfg = Debug|Any CPU
		{15A44413-C0DF-4D47-84EF-CECBBB08C873}.Debug40|x86.Build.0 = Debug|Any CPU
		{15A44413-C0DF-4D47-84EF-CECBBB08C873}.Debug45|Any CPU.ActiveCfg = Debug|Any CPU
		{15A44413-C0DF-4D47-84EF-CECBBB08C873}.Debug45|Any CPU.Build.0 = Debug|Any CPU
		{15A44413-C0DF-4D47-84EF-CECBBB08C873}.Debug45|x86.ActiveCfg = Debug|Any CPU
		{15A44413-C0DF-4D47-84EF-CECBBB08C873}.Debug45|x86.Build.0 = Debug|Any CPU
		{15A44413-C0DF-4D47-84EF-CECBBB08C873}.DebugCore45|Any CPU.ActiveCfg = Debug|Any CPU
		{15A44413-C0DF-4D47-84EF-CECBBB08C873}.DebugCore45|Any CPU.Build.0 = Debug|Any CPU
		{15A44413-C0DF-4D47-84EF-CECBBB08C873}.DebugCore45|x86.ActiveCfg = Debug|Any CPU
		{15A44413-C0DF-4D47-84EF-CECBBB08C873}.DebugCore45|x86.Build.0 = Debug|Any CPU
		{15A44413-C0DF-4D47-84EF-CECBBB08C873}.DebugPortable328|Any CPU.ActiveCfg = Debug|Any CPU
		{15A44413-C0DF-4D47-84EF-CECBBB08C873}.DebugPortable328|Any CPU.Build.0 = Debug|Any CPU
		{15A44413-C0DF-4D47-84EF-CECBBB08C873}.DebugPortable328|x86.ActiveCfg = Debug|Any CPU
		{15A44413-C0DF-4D47-84EF-CECBBB08C873}.DebugPortable328|x86.Build.0 = Debug|Any CPU
		{15A44413-C0DF-4D47-84EF-CECBBB08C873}.DebugPortable36|Any CPU.ActiveCfg = Debug|Any CPU
		{15A44413-C0DF-4D47-84EF-CECBBB08C873}.DebugPortable36|Any CPU.Build.0 = Debug|Any CPU
		{15A44413-C0DF-4D47-84EF-CECBBB08C873}.DebugPortable36|x86.ActiveCfg = Debug|Any CPU
		{15A44413-C0DF-4D47-84EF-CECBBB08C873}.DebugPortable36|x86.Build.0 = Debug|Any CPU
		{15A44413-C0DF-4D47-84EF-CECBBB08C873}.DebugPortable88|Any CPU.ActiveCfg = Debug|Any CPU
		{15A44413-C0DF-4D47-84EF-CECBBB08C873}.DebugPortable88|Any CPU.Build.0 = Debug|Any CPU
		{15A44413-C0DF-4D47-84EF-CECBBB08C873}.DebugPortable88|x86.ActiveCfg = Debug|Any CPU
		{15A44413-C0DF-4D47-84EF-CECBBB08C873}.DebugPortable88|x86.Build.0 = Debug|Any CPU
		{15A44413-C0DF-4D47-84EF-CECBBB08C873}.DebugSL3|Any CPU.ActiveCfg = Debug|Any CPU
		{15A44413-C0DF-4D47-84EF-CECBBB08C873}.DebugSL3|Any CPU.Build.0 = Debug|Any CPU
		{15A44413-C0DF-4D47-84EF-CECBBB08C873}.DebugSL3|x86.ActiveCfg = Debug|Any CPU
		{15A44413-C0DF-4D47-84EF-CECBBB08C873}.DebugSL3|x86.Build.0 = Debug|Any CPU
		{15A44413-C0DF-4D47-84EF-CECBBB08C873}.DebugSL4|Any CPU.ActiveCfg = Debug|Any CPU
		{15A44413-C0DF-4D47-84EF-CECBBB08C873}.DebugSL4|Any CPU.Build.0 = Debug|Any CPU
		{15A44413-C0DF-4D47-84EF-CECBBB08C873}.DebugSL4|x86.ActiveCfg = Debug|Any CPU
		{15A44413-C0DF-4D47-84EF-CECBBB08C873}.DebugSL4|x86.Build.0 = Debug|Any CPU
		{15A44413-C0DF-4D47-84EF-CECBBB08C873}.DebugSL5|Any CPU.ActiveCfg = Debug|Any CPU
		{15A44413-C0DF-4D47-84EF-CECBBB08C873}.DebugSL5|Any CPU.Build.0 = Debug|Any CPU
		{15A44413-C0DF-4D47-84EF-CECBBB08C873}.DebugSL5|x86.ActiveCfg = Debug|Any CPU
		{15A44413-C0DF-4D47-84EF-CECBBB08C873}.DebugSL5|x86.Build.0 = Debug|Any CPU
		{15A44413-C0DF-4D47-84EF-CECBBB08C873}.DebugWP71|Any CPU.ActiveCfg = Debug|Any CPU
		{15A44413-C0DF-4D47-84EF-CECBBB08C873}.DebugWP71|Any CPU.Build.0 = Debug|Any CPU
		{15A44413-C0DF-4D47-84EF-CECBBB08C873}.DebugWP71|x86.ActiveCfg = Debug|Any CPU
		{15A44413-C0DF-4D47-84EF-CECBBB08C873}.DebugWP71|x86.Build.0 = Debug|Any CPU
		{15A44413-C0DF-4D47-84EF-CECBBB08C873}.DebugWP8|Any CPU.ActiveCfg = Debug|Any CPU
		{15A44413-C0DF-4D47-84EF-CECBBB08C873}.DebugWP8|Any CPU.Build.0 = Debug|Any CPU
		{15A44413-C0DF-4D47-84EF-CECBBB08C873}.DebugWP8|x86.ActiveCfg = Debug|Any CPU
		{15A44413-C0DF-4D47-84EF-CECBBB08C873}.DebugWP8|x86.Build.0 = Debug|Any CPU
		{15A44413-C0DF-4D47-84EF-CECBBB08C873}.DebugWPA81|Any CPU.ActiveCfg = Debug|Any CPU
		{15A44413-C0DF-4D47-84EF-CECBBB08C873}.DebugWPA81|Any CPU.Build.0 = Debug|Any CPU
		{15A44413-C0DF-4D47-84EF-CECBBB08C873}.DebugWPA81|x86.ActiveCfg = Debug|Any CPU
		{15A44413-C0DF-4D47-84EF-CECBBB08C873}.DebugWPA81|x86.Build.0 = Debug|Any CPU
		{15A44413-C0DF-4D47-84EF-CECBBB08C873}.Release|Any CPU.ActiveCfg = Release|Any CPU
		{15A44413-C0DF-4D47-84EF-CECBBB08C873}.Release|Any CPU.Build.0 = Release|Any CPU
		{15A44413-C0DF-4D47-84EF-CECBBB08C873}.Release|x86.ActiveCfg = Release|Any CPU
		{15A44413-C0DF-4D47-84EF-CECBBB08C873}.Release|x86.Build.0 = Release|Any CPU
		{15A44413-C0DF-4D47-84EF-CECBBB08C873}.Release35|Any CPU.ActiveCfg = Release|Any CPU
		{15A44413-C0DF-4D47-84EF-CECBBB08C873}.Release35|Any CPU.Build.0 = Release|Any CPU
		{15A44413-C0DF-4D47-84EF-CECBBB08C873}.Release35|x86.ActiveCfg = Release|Any CPU
		{15A44413-C0DF-4D47-84EF-CECBBB08C873}.Release35|x86.Build.0 = Release|Any CPU
		{15A44413-C0DF-4D47-84EF-CECBBB08C873}.Release40|Any CPU.ActiveCfg = Release|Any CPU
		{15A44413-C0DF-4D47-84EF-CECBBB08C873}.Release40|Any CPU.Build.0 = Release|Any CPU
		{15A44413-C0DF-4D47-84EF-CECBBB08C873}.Release40|x86.ActiveCfg = Release|Any CPU
		{15A44413-C0DF-4D47-84EF-CECBBB08C873}.Release40|x86.Build.0 = Release|Any CPU
		{15A44413-C0DF-4D47-84EF-CECBBB08C873}.Release45|Any CPU.ActiveCfg = Release|Any CPU
		{15A44413-C0DF-4D47-84EF-CECBBB08C873}.Release45|Any CPU.Build.0 = Release|Any CPU
		{15A44413-C0DF-4D47-84EF-CECBBB08C873}.Release45|x86.ActiveCfg = Release|Any CPU
		{15A44413-C0DF-4D47-84EF-CECBBB08C873}.Release45|x86.Build.0 = Release|Any CPU
		{15A44413-C0DF-4D47-84EF-CECBBB08C873}.ReleaseCore45|Any CPU.ActiveCfg = Release|Any CPU
		{15A44413-C0DF-4D47-84EF-CECBBB08C873}.ReleaseCore45|Any CPU.Build.0 = Release|Any CPU
		{15A44413-C0DF-4D47-84EF-CECBBB08C873}.ReleaseCore45|x86.ActiveCfg = Release|Any CPU
		{15A44413-C0DF-4D47-84EF-CECBBB08C873}.ReleaseCore45|x86.Build.0 = Release|Any CPU
		{15A44413-C0DF-4D47-84EF-CECBBB08C873}.ReleasePortable328|Any CPU.ActiveCfg = Release|Any CPU
		{15A44413-C0DF-4D47-84EF-CECBBB08C873}.ReleasePortable328|Any CPU.Build.0 = Release|Any CPU
		{15A44413-C0DF-4D47-84EF-CECBBB08C873}.ReleasePortable328|x86.ActiveCfg = Release|Any CPU
		{15A44413-C0DF-4D47-84EF-CECBBB08C873}.ReleasePortable328|x86.Build.0 = Release|Any CPU
		{15A44413-C0DF-4D47-84EF-CECBBB08C873}.ReleasePortable36|Any CPU.ActiveCfg = Release|Any CPU
		{15A44413-C0DF-4D47-84EF-CECBBB08C873}.ReleasePortable36|Any CPU.Build.0 = Release|Any CPU
		{15A44413-C0DF-4D47-84EF-CECBBB08C873}.ReleasePortable36|x86.ActiveCfg = Release|Any CPU
		{15A44413-C0DF-4D47-84EF-CECBBB08C873}.ReleasePortable36|x86.Build.0 = Release|Any CPU
		{15A44413-C0DF-4D47-84EF-CECBBB08C873}.ReleasePortable88|Any CPU.ActiveCfg = Release|Any CPU
		{15A44413-C0DF-4D47-84EF-CECBBB08C873}.ReleasePortable88|Any CPU.Build.0 = Release|Any CPU
		{15A44413-C0DF-4D47-84EF-CECBBB08C873}.ReleasePortable88|x86.ActiveCfg = Release|Any CPU
		{15A44413-C0DF-4D47-84EF-CECBBB08C873}.ReleasePortable88|x86.Build.0 = Release|Any CPU
		{15A44413-C0DF-4D47-84EF-CECBBB08C873}.ReleaseSL3|Any CPU.ActiveCfg = Release|Any CPU
		{15A44413-C0DF-4D47-84EF-CECBBB08C873}.ReleaseSL3|Any CPU.Build.0 = Release|Any CPU
		{15A44413-C0DF-4D47-84EF-CECBBB08C873}.ReleaseSL3|x86.ActiveCfg = Release|Any CPU
		{15A44413-C0DF-4D47-84EF-CECBBB08C873}.ReleaseSL3|x86.Build.0 = Release|Any CPU
		{15A44413-C0DF-4D47-84EF-CECBBB08C873}.ReleaseSL4|Any CPU.ActiveCfg = Release|Any CPU
		{15A44413-C0DF-4D47-84EF-CECBBB08C873}.ReleaseSL4|Any CPU.Build.0 = Release|Any CPU
		{15A44413-C0DF-4D47-84EF-CECBBB08C873}.ReleaseSL4|x86.ActiveCfg = Release|Any CPU
		{15A44413-C0DF-4D47-84EF-CECBBB08C873}.ReleaseSL4|x86.Build.0 = Release|Any CPU
		{15A44413-C0DF-4D47-84EF-CECBBB08C873}.ReleaseSL5|Any CPU.ActiveCfg = Release|Any CPU
		{15A44413-C0DF-4D47-84EF-CECBBB08C873}.ReleaseSL5|Any CPU.Build.0 = Release|Any CPU
		{15A44413-C0DF-4D47-84EF-CECBBB08C873}.ReleaseSL5|x86.ActiveCfg = Release|Any CPU
		{15A44413-C0DF-4D47-84EF-CECBBB08C873}.ReleaseSL5|x86.Build.0 = Release|Any CPU
		{15A44413-C0DF-4D47-84EF-CECBBB08C873}.ReleaseWP71|Any CPU.ActiveCfg = Release|Any CPU
		{15A44413-C0DF-4D47-84EF-CECBBB08C873}.ReleaseWP71|Any CPU.Build.0 = Release|Any CPU
		{15A44413-C0DF-4D47-84EF-CECBBB08C873}.ReleaseWP71|x86.ActiveCfg = Release|Any CPU
		{15A44413-C0DF-4D47-84EF-CECBBB08C873}.ReleaseWP71|x86.Build.0 = Release|Any CPU
		{15A44413-C0DF-4D47-84EF-CECBBB08C873}.ReleaseWP8|Any CPU.ActiveCfg = Release|Any CPU
		{15A44413-C0DF-4D47-84EF-CECBBB08C873}.ReleaseWP8|Any CPU.Build.0 = Release|Any CPU
		{15A44413-C0DF-4D47-84EF-CECBBB08C873}.ReleaseWP8|x86.ActiveCfg = Release|Any CPU
		{15A44413-C0DF-4D47-84EF-CECBBB08C873}.ReleaseWP8|x86.Build.0 = Release|Any CPU
		{15A44413-C0DF-4D47-84EF-CECBBB08C873}.ReleaseWPA81|Any CPU.ActiveCfg = Release|Any CPU
		{15A44413-C0DF-4D47-84EF-CECBBB08C873}.ReleaseWPA81|Any CPU.Build.0 = Release|Any CPU
		{15A44413-C0DF-4D47-84EF-CECBBB08C873}.ReleaseWPA81|x86.ActiveCfg = Release|Any CPU
		{15A44413-C0DF-4D47-84EF-CECBBB08C873}.ReleaseWPA81|x86.Build.0 = Release|Any CPU
		{AC4C873D-7F97-42AC-A37A-6BF046A4B99A}.Debug|Any CPU.ActiveCfg = Debug|Any CPU
		{AC4C873D-7F97-42AC-A37A-6BF046A4B99A}.Debug|Any CPU.Build.0 = Debug|Any CPU
		{AC4C873D-7F97-42AC-A37A-6BF046A4B99A}.Debug|x86.ActiveCfg = Debug|Any CPU
		{AC4C873D-7F97-42AC-A37A-6BF046A4B99A}.Debug|x86.Build.0 = Debug|Any CPU
		{AC4C873D-7F97-42AC-A37A-6BF046A4B99A}.Debug35|Any CPU.ActiveCfg = Debug|Any CPU
		{AC4C873D-7F97-42AC-A37A-6BF046A4B99A}.Debug35|Any CPU.Build.0 = Debug|Any CPU
		{AC4C873D-7F97-42AC-A37A-6BF046A4B99A}.Debug35|x86.ActiveCfg = Debug|Any CPU
		{AC4C873D-7F97-42AC-A37A-6BF046A4B99A}.Debug35|x86.Build.0 = Debug|Any CPU
		{AC4C873D-7F97-42AC-A37A-6BF046A4B99A}.Debug40|Any CPU.ActiveCfg = Debug|Any CPU
		{AC4C873D-7F97-42AC-A37A-6BF046A4B99A}.Debug40|Any CPU.Build.0 = Debug|Any CPU
		{AC4C873D-7F97-42AC-A37A-6BF046A4B99A}.Debug40|x86.ActiveCfg = Debug|Any CPU
		{AC4C873D-7F97-42AC-A37A-6BF046A4B99A}.Debug40|x86.Build.0 = Debug|Any CPU
		{AC4C873D-7F97-42AC-A37A-6BF046A4B99A}.Debug45|Any CPU.ActiveCfg = Debug|Any CPU
		{AC4C873D-7F97-42AC-A37A-6BF046A4B99A}.Debug45|Any CPU.Build.0 = Debug|Any CPU
		{AC4C873D-7F97-42AC-A37A-6BF046A4B99A}.Debug45|x86.ActiveCfg = Debug|Any CPU
		{AC4C873D-7F97-42AC-A37A-6BF046A4B99A}.Debug45|x86.Build.0 = Debug|Any CPU
		{AC4C873D-7F97-42AC-A37A-6BF046A4B99A}.DebugCore45|Any CPU.ActiveCfg = Debug|Any CPU
		{AC4C873D-7F97-42AC-A37A-6BF046A4B99A}.DebugCore45|Any CPU.Build.0 = Debug|Any CPU
		{AC4C873D-7F97-42AC-A37A-6BF046A4B99A}.DebugCore45|x86.ActiveCfg = Debug|Any CPU
		{AC4C873D-7F97-42AC-A37A-6BF046A4B99A}.DebugCore45|x86.Build.0 = Debug|Any CPU
		{AC4C873D-7F97-42AC-A37A-6BF046A4B99A}.DebugPortable328|Any CPU.ActiveCfg = Debug|Any CPU
		{AC4C873D-7F97-42AC-A37A-6BF046A4B99A}.DebugPortable328|Any CPU.Build.0 = Debug|Any CPU
		{AC4C873D-7F97-42AC-A37A-6BF046A4B99A}.DebugPortable328|x86.ActiveCfg = Debug|Any CPU
		{AC4C873D-7F97-42AC-A37A-6BF046A4B99A}.DebugPortable328|x86.Build.0 = Debug|Any CPU
		{AC4C873D-7F97-42AC-A37A-6BF046A4B99A}.DebugPortable36|Any CPU.ActiveCfg = Debug|Any CPU
		{AC4C873D-7F97-42AC-A37A-6BF046A4B99A}.DebugPortable36|Any CPU.Build.0 = Debug|Any CPU
		{AC4C873D-7F97-42AC-A37A-6BF046A4B99A}.DebugPortable36|x86.ActiveCfg = Debug|Any CPU
		{AC4C873D-7F97-42AC-A37A-6BF046A4B99A}.DebugPortable36|x86.Build.0 = Debug|Any CPU
		{AC4C873D-7F97-42AC-A37A-6BF046A4B99A}.DebugPortable88|Any CPU.ActiveCfg = Debug|Any CPU
		{AC4C873D-7F97-42AC-A37A-6BF046A4B99A}.DebugPortable88|Any CPU.Build.0 = Debug|Any CPU
		{AC4C873D-7F97-42AC-A37A-6BF046A4B99A}.DebugPortable88|x86.ActiveCfg = Debug|Any CPU
		{AC4C873D-7F97-42AC-A37A-6BF046A4B99A}.DebugPortable88|x86.Build.0 = Debug|Any CPU
		{AC4C873D-7F97-42AC-A37A-6BF046A4B99A}.DebugSL3|Any CPU.ActiveCfg = Debug|Any CPU
		{AC4C873D-7F97-42AC-A37A-6BF046A4B99A}.DebugSL3|Any CPU.Build.0 = Debug|Any CPU
		{AC4C873D-7F97-42AC-A37A-6BF046A4B99A}.DebugSL3|x86.ActiveCfg = Debug|Any CPU
		{AC4C873D-7F97-42AC-A37A-6BF046A4B99A}.DebugSL3|x86.Build.0 = Debug|Any CPU
		{AC4C873D-7F97-42AC-A37A-6BF046A4B99A}.DebugSL4|Any CPU.ActiveCfg = Debug|Any CPU
		{AC4C873D-7F97-42AC-A37A-6BF046A4B99A}.DebugSL4|Any CPU.Build.0 = Debug|Any CPU
		{AC4C873D-7F97-42AC-A37A-6BF046A4B99A}.DebugSL4|x86.ActiveCfg = Debug|Any CPU
		{AC4C873D-7F97-42AC-A37A-6BF046A4B99A}.DebugSL4|x86.Build.0 = Debug|Any CPU
		{AC4C873D-7F97-42AC-A37A-6BF046A4B99A}.DebugSL5|Any CPU.ActiveCfg = Debug|Any CPU
		{AC4C873D-7F97-42AC-A37A-6BF046A4B99A}.DebugSL5|Any CPU.Build.0 = Debug|Any CPU
		{AC4C873D-7F97-42AC-A37A-6BF046A4B99A}.DebugSL5|x86.ActiveCfg = Debug|Any CPU
		{AC4C873D-7F97-42AC-A37A-6BF046A4B99A}.DebugSL5|x86.Build.0 = Debug|Any CPU
		{AC4C873D-7F97-42AC-A37A-6BF046A4B99A}.DebugWP71|Any CPU.ActiveCfg = Debug|Any CPU
		{AC4C873D-7F97-42AC-A37A-6BF046A4B99A}.DebugWP71|Any CPU.Build.0 = Debug|Any CPU
		{AC4C873D-7F97-42AC-A37A-6BF046A4B99A}.DebugWP71|x86.ActiveCfg = Debug|Any CPU
		{AC4C873D-7F97-42AC-A37A-6BF046A4B99A}.DebugWP71|x86.Build.0 = Debug|Any CPU
		{AC4C873D-7F97-42AC-A37A-6BF046A4B99A}.DebugWP8|Any CPU.ActiveCfg = Debug|Any CPU
		{AC4C873D-7F97-42AC-A37A-6BF046A4B99A}.DebugWP8|Any CPU.Build.0 = Debug|Any CPU
		{AC4C873D-7F97-42AC-A37A-6BF046A4B99A}.DebugWP8|x86.ActiveCfg = Debug|Any CPU
		{AC4C873D-7F97-42AC-A37A-6BF046A4B99A}.DebugWP8|x86.Build.0 = Debug|Any CPU
		{AC4C873D-7F97-42AC-A37A-6BF046A4B99A}.DebugWPA81|Any CPU.ActiveCfg = Debug|Any CPU
		{AC4C873D-7F97-42AC-A37A-6BF046A4B99A}.DebugWPA81|Any CPU.Build.0 = Debug|Any CPU
		{AC4C873D-7F97-42AC-A37A-6BF046A4B99A}.DebugWPA81|x86.ActiveCfg = Debug|Any CPU
		{AC4C873D-7F97-42AC-A37A-6BF046A4B99A}.DebugWPA81|x86.Build.0 = Debug|Any CPU
		{AC4C873D-7F97-42AC-A37A-6BF046A4B99A}.Release|Any CPU.ActiveCfg = Release|Any CPU
		{AC4C873D-7F97-42AC-A37A-6BF046A4B99A}.Release|Any CPU.Build.0 = Release|Any CPU
		{AC4C873D-7F97-42AC-A37A-6BF046A4B99A}.Release|x86.ActiveCfg = Release|Any CPU
		{AC4C873D-7F97-42AC-A37A-6BF046A4B99A}.Release|x86.Build.0 = Release|Any CPU
		{AC4C873D-7F97-42AC-A37A-6BF046A4B99A}.Release35|Any CPU.ActiveCfg = Release|Any CPU
		{AC4C873D-7F97-42AC-A37A-6BF046A4B99A}.Release35|Any CPU.Build.0 = Release|Any CPU
		{AC4C873D-7F97-42AC-A37A-6BF046A4B99A}.Release35|x86.ActiveCfg = Release|Any CPU
		{AC4C873D-7F97-42AC-A37A-6BF046A4B99A}.Release35|x86.Build.0 = Release|Any CPU
		{AC4C873D-7F97-42AC-A37A-6BF046A4B99A}.Release40|Any CPU.ActiveCfg = Release|Any CPU
		{AC4C873D-7F97-42AC-A37A-6BF046A4B99A}.Release40|Any CPU.Build.0 = Release|Any CPU
		{AC4C873D-7F97-42AC-A37A-6BF046A4B99A}.Release40|x86.ActiveCfg = Release|Any CPU
		{AC4C873D-7F97-42AC-A37A-6BF046A4B99A}.Release40|x86.Build.0 = Release|Any CPU
		{AC4C873D-7F97-42AC-A37A-6BF046A4B99A}.Release45|Any CPU.ActiveCfg = Release|Any CPU
		{AC4C873D-7F97-42AC-A37A-6BF046A4B99A}.Release45|Any CPU.Build.0 = Release|Any CPU
		{AC4C873D-7F97-42AC-A37A-6BF046A4B99A}.Release45|x86.ActiveCfg = Release|Any CPU
		{AC4C873D-7F97-42AC-A37A-6BF046A4B99A}.Release45|x86.Build.0 = Release|Any CPU
		{AC4C873D-7F97-42AC-A37A-6BF046A4B99A}.ReleaseCore45|Any CPU.ActiveCfg = Release|Any CPU
		{AC4C873D-7F97-42AC-A37A-6BF046A4B99A}.ReleaseCore45|Any CPU.Build.0 = Release|Any CPU
		{AC4C873D-7F97-42AC-A37A-6BF046A4B99A}.ReleaseCore45|x86.ActiveCfg = Release|Any CPU
		{AC4C873D-7F97-42AC-A37A-6BF046A4B99A}.ReleaseCore45|x86.Build.0 = Release|Any CPU
		{AC4C873D-7F97-42AC-A37A-6BF046A4B99A}.ReleasePortable328|Any CPU.ActiveCfg = Release|Any CPU
		{AC4C873D-7F97-42AC-A37A-6BF046A4B99A}.ReleasePortable328|Any CPU.Build.0 = Release|Any CPU
		{AC4C873D-7F97-42AC-A37A-6BF046A4B99A}.ReleasePortable328|x86.ActiveCfg = Release|Any CPU
		{AC4C873D-7F97-42AC-A37A-6BF046A4B99A}.ReleasePortable328|x86.Build.0 = Release|Any CPU
		{AC4C873D-7F97-42AC-A37A-6BF046A4B99A}.ReleasePortable36|Any CPU.ActiveCfg = Release|Any CPU
		{AC4C873D-7F97-42AC-A37A-6BF046A4B99A}.ReleasePortable36|Any CPU.Build.0 = Release|Any CPU
		{AC4C873D-7F97-42AC-A37A-6BF046A4B99A}.ReleasePortable36|x86.ActiveCfg = Release|Any CPU
		{AC4C873D-7F97-42AC-A37A-6BF046A4B99A}.ReleasePortable36|x86.Build.0 = Release|Any CPU
		{AC4C873D-7F97-42AC-A37A-6BF046A4B99A}.ReleasePortable88|Any CPU.ActiveCfg = Release|Any CPU
		{AC4C873D-7F97-42AC-A37A-6BF046A4B99A}.ReleasePortable88|Any CPU.Build.0 = Release|Any CPU
		{AC4C873D-7F97-42AC-A37A-6BF046A4B99A}.ReleasePortable88|x86.ActiveCfg = Release|Any CPU
		{AC4C873D-7F97-42AC-A37A-6BF046A4B99A}.ReleasePortable88|x86.Build.0 = Release|Any CPU
		{AC4C873D-7F97-42AC-A37A-6BF046A4B99A}.ReleaseSL3|Any CPU.ActiveCfg = Release|Any CPU
		{AC4C873D-7F97-42AC-A37A-6BF046A4B99A}.ReleaseSL3|Any CPU.Build.0 = Release|Any CPU
		{AC4C873D-7F97-42AC-A37A-6BF046A4B99A}.ReleaseSL3|x86.ActiveCfg = Release|Any CPU
		{AC4C873D-7F97-42AC-A37A-6BF046A4B99A}.ReleaseSL3|x86.Build.0 = Release|Any CPU
		{AC4C873D-7F97-42AC-A37A-6BF046A4B99A}.ReleaseSL4|Any CPU.ActiveCfg = Release|Any CPU
		{AC4C873D-7F97-42AC-A37A-6BF046A4B99A}.ReleaseSL4|Any CPU.Build.0 = Release|Any CPU
		{AC4C873D-7F97-42AC-A37A-6BF046A4B99A}.ReleaseSL4|x86.ActiveCfg = Release|Any CPU
		{AC4C873D-7F97-42AC-A37A-6BF046A4B99A}.ReleaseSL4|x86.Build.0 = Release|Any CPU
		{AC4C873D-7F97-42AC-A37A-6BF046A4B99A}.ReleaseSL5|Any CPU.ActiveCfg = Release|Any CPU
		{AC4C873D-7F97-42AC-A37A-6BF046A4B99A}.ReleaseSL5|Any CPU.Build.0 = Release|Any CPU
		{AC4C873D-7F97-42AC-A37A-6BF046A4B99A}.ReleaseSL5|x86.ActiveCfg = Release|Any CPU
		{AC4C873D-7F97-42AC-A37A-6BF046A4B99A}.ReleaseSL5|x86.Build.0 = Release|Any CPU
		{AC4C873D-7F97-42AC-A37A-6BF046A4B99A}.ReleaseWP71|Any CPU.ActiveCfg = Release|Any CPU
		{AC4C873D-7F97-42AC-A37A-6BF046A4B99A}.ReleaseWP71|Any CPU.Build.0 = Release|Any CPU
		{AC4C873D-7F97-42AC-A37A-6BF046A4B99A}.ReleaseWP71|x86.ActiveCfg = Release|Any CPU
		{AC4C873D-7F97-42AC-A37A-6BF046A4B99A}.ReleaseWP71|x86.Build.0 = Release|Any CPU
		{AC4C873D-7F97-42AC-A37A-6BF046A4B99A}.ReleaseWP8|Any CPU.ActiveCfg = Release|Any CPU
		{AC4C873D-7F97-42AC-A37A-6BF046A4B99A}.ReleaseWP8|Any CPU.Build.0 = Release|Any CPU
		{AC4C873D-7F97-42AC-A37A-6BF046A4B99A}.ReleaseWP8|x86.ActiveCfg = Release|Any CPU
		{AC4C873D-7F97-42AC-A37A-6BF046A4B99A}.ReleaseWP8|x86.Build.0 = Release|Any CPU
		{AC4C873D-7F97-42AC-A37A-6BF046A4B99A}.ReleaseWPA81|Any CPU.ActiveCfg = Release|Any CPU
		{AC4C873D-7F97-42AC-A37A-6BF046A4B99A}.ReleaseWPA81|Any CPU.Build.0 = Release|Any CPU
		{AC4C873D-7F97-42AC-A37A-6BF046A4B99A}.ReleaseWPA81|x86.ActiveCfg = Release|Any CPU
		{AC4C873D-7F97-42AC-A37A-6BF046A4B99A}.ReleaseWPA81|x86.Build.0 = Release|Any CPU
	EndGlobalSection
	GlobalSection(SolutionProperties) = preSolution
		HideSolutionNode = FALSE
	EndGlobalSection
	GlobalSection(ExtensibilityGlobals) = postSolution
		SolutionGuid = {191C13F8-4578-41DE-80A8-5ADCA7A19DB1}
	EndGlobalSection
EndGlobal
