
Microsoft Visual Studio Solution File, Format Version 12.00
# Visual Studio 15
VisualStudioVersion = 15.0.27703.2026
MinimumVisualStudioVersion = 10.0.40219.1
Project("{9A19103F-16F7-4668-BE54-9A1E7A4F7556}") = "Mindbox.Expressions", "Mindbox.Expressions\Mindbox.Expressions.csproj", "{518F49A8-875A-477F-8B13-15E2051B8516}"
EndProject
Project("{FAE04EC0-301F-11D3-BF4B-00C04F79EFBC}") = "Mindbox.Expressions.Tests", "Mindbox.Expressions.Tests\Mindbox.Expressions.Tests.csproj", "{E1C9426A-4595-47B7-AA81-F7CEA242BF5F}"
EndProject
Global
	GlobalSection(SolutionConfigurationPlatforms) = preSolution
		Debug35|Any CPU = Debug35|Any CPU
		Debug35|x86 = Debug35|x86
		Debug40|Any CPU = Debug40|Any CPU
		Debug40|x86 = Debug40|x86
		Debug45|Any CPU = Debug45|Any CPU
		Debug45|x86 = Debug45|x86
		DebugCore45|Any CPU = DebugCore45|Any CPU
		DebugCore45|x86 = DebugCore45|x86
		DebugPortable328|Any CPU = DebugPortable328|Any CPU
		DebugPortable328|x86 = DebugPortable328|x86
		DebugPortable36|Any CPU = DebugPortable36|Any CPU
		DebugPortable36|x86 = DebugPortable36|x86
		DebugPortable88|Any CPU = DebugPortable88|Any CPU
		DebugPortable88|x86 = DebugPortable88|x86
		DebugSL3|Any CPU = DebugSL3|Any CPU
		DebugSL3|x86 = DebugSL3|x86
		DebugSL4|Any CPU = DebugSL4|Any CPU
		DebugSL4|x86 = DebugSL4|x86
		DebugSL5|Any CPU = DebugSL5|Any CPU
		DebugSL5|x86 = DebugSL5|x86
		DebugWP71|Any CPU = DebugWP71|Any CPU
		DebugWP71|x86 = DebugWP71|x86
		DebugWP8|Any CPU = DebugWP8|Any CPU
		DebugWP8|x86 = DebugWP8|x86
		DebugWPA81|Any CPU = DebugWPA81|Any CPU
		DebugWPA81|x86 = DebugWPA81|x86
		Release35|Any CPU = Release35|Any CPU
		Release35|x86 = Release35|x86
		Release40|Any CPU = Release40|Any CPU
		Release40|x86 = Release40|x86
		Release45|Any CPU = Release45|Any CPU
		Release45|x86 = Release45|x86
		ReleaseCore45|Any CPU = ReleaseCore45|Any CPU
		ReleaseCore45|x86 = ReleaseCore45|x86
		ReleasePortable328|Any CPU = ReleasePortable328|Any CPU
		ReleasePortable328|x86 = ReleasePortable328|x86
		ReleasePortable36|Any CPU = ReleasePortable36|Any CPU
		ReleasePortable36|x86 = ReleasePortable36|x86
		ReleasePortable88|Any CPU = ReleasePortable88|Any CPU
		ReleasePortable88|x86 = ReleasePortable88|x86
		ReleaseSL3|Any CPU = ReleaseSL3|Any CPU
		ReleaseSL3|x86 = ReleaseSL3|x86
		ReleaseSL4|Any CPU = ReleaseSL4|Any CPU
		ReleaseSL4|x86 = ReleaseSL4|x86
		ReleaseSL5|Any CPU = ReleaseSL5|Any CPU
		ReleaseSL5|x86 = ReleaseSL5|x86
		ReleaseWP71|Any CPU = ReleaseWP71|Any CPU
		ReleaseWP71|x86 = ReleaseWP71|x86
		ReleaseWP8|Any CPU = ReleaseWP8|Any CPU
		ReleaseWP8|x86 = ReleaseWP8|x86
		ReleaseWPA81|Any CPU = ReleaseWPA81|Any CPU
		ReleaseWPA81|x86 = ReleaseWPA81|x86
	EndGlobalSection
	GlobalSection(ProjectConfigurationPlatforms) = postSolution
		{518F49A8-875A-477F-8B13-15E2051B8516}.Debug35|Any CPU.ActiveCfg = Debug|Any CPU
		{518F49A8-875A-477F-8B13-15E2051B8516}.Debug35|Any CPU.Build.0 = Debug|Any CPU
		{518F49A8-875A-477F-8B13-15E2051B8516}.Debug35|x86.ActiveCfg = Debug|Any CPU
		{518F49A8-875A-477F-8B13-15E2051B8516}.Debug35|x86.Build.0 = Debug|Any CPU
		{518F49A8-875A-477F-8B13-15E2051B8516}.Debug40|Any CPU.ActiveCfg = Debug|Any CPU
		{518F49A8-875A-477F-8B13-15E2051B8516}.Debug40|Any CPU.Build.0 = Debug|Any CPU
		{518F49A8-875A-477F-8B13-15E2051B8516}.Debug40|x86.ActiveCfg = Debug|Any CPU
		{518F49A8-875A-477F-8B13-15E2051B8516}.Debug40|x86.Build.0 = Debug|Any CPU
		{518F49A8-875A-477F-8B13-15E2051B8516}.Debug45|Any CPU.ActiveCfg = Debug|Any CPU
		{518F49A8-875A-477F-8B13-15E2051B8516}.Debug45|Any CPU.Build.0 = Debug|Any CPU
		{518F49A8-875A-477F-8B13-15E2051B8516}.Debug45|x86.ActiveCfg = Debug|Any CPU
		{518F49A8-875A-477F-8B13-15E2051B8516}.Debug45|x86.Build.0 = Debug|Any CPU
		{518F49A8-875A-477F-8B13-15E2051B8516}.DebugCore45|Any CPU.ActiveCfg = Debug|Any CPU
		{518F49A8-875A-477F-8B13-15E2051B8516}.DebugCore45|Any CPU.Build.0 = Debug|Any CPU
		{518F49A8-875A-477F-8B13-15E2051B8516}.DebugCore45|x86.ActiveCfg = Debug|Any CPU
		{518F49A8-875A-477F-8B13-15E2051B8516}.DebugCore45|x86.Build.0 = Debug|Any CPU
		{518F49A8-875A-477F-8B13-15E2051B8516}.DebugPortable328|Any CPU.ActiveCfg = Debug|Any CPU
		{518F49A8-875A-477F-8B13-15E2051B8516}.DebugPortable328|Any CPU.Build.0 = Debug|Any CPU
		{518F49A8-875A-477F-8B13-15E2051B8516}.DebugPortable328|x86.ActiveCfg = Debug|Any CPU
		{518F49A8-875A-477F-8B13-15E2051B8516}.DebugPortable328|x86.Build.0 = Debug|Any CPU
		{518F49A8-875A-477F-8B13-15E2051B8516}.DebugPortable36|Any CPU.ActiveCfg = Debug|Any CPU
		{518F49A8-875A-477F-8B13-15E2051B8516}.DebugPortable36|Any CPU.Build.0 = Debug|Any CPU
		{518F49A8-875A-477F-8B13-15E2051B8516}.DebugPortable36|x86.ActiveCfg = Debug|Any CPU
		{518F49A8-875A-477F-8B13-15E2051B8516}.DebugPortable36|x86.Build.0 = Debug|Any CPU
		{518F49A8-875A-477F-8B13-15E2051B8516}.DebugPortable88|Any CPU.ActiveCfg = Debug|Any CPU
		{518F49A8-875A-477F-8B13-15E2051B8516}.DebugPortable88|Any CPU.Build.0 = Debug|Any CPU
		{518F49A8-875A-477F-8B13-15E2051B8516}.DebugPortable88|x86.ActiveCfg = Debug|Any CPU
		{518F49A8-875A-477F-8B13-15E2051B8516}.DebugPortable88|x86.Build.0 = Debug|Any CPU
		{518F49A8-875A-477F-8B13-15E2051B8516}.DebugSL3|Any CPU.ActiveCfg = Debug|Any CPU
		{518F49A8-875A-477F-8B13-15E2051B8516}.DebugSL3|Any CPU.Build.0 = Debug|Any CPU
		{518F49A8-875A-477F-8B13-15E2051B8516}.DebugSL3|x86.ActiveCfg = Debug|Any CPU
		{518F49A8-875A-477F-8B13-15E2051B8516}.DebugSL3|x86.Build.0 = Debug|Any CPU
		{518F49A8-875A-477F-8B13-15E2051B8516}.DebugSL4|Any CPU.ActiveCfg = Debug|Any CPU
		{518F49A8-875A-477F-8B13-15E2051B8516}.DebugSL4|Any CPU.Build.0 = Debug|Any CPU
		{518F49A8-875A-477F-8B13-15E2051B8516}.DebugSL4|x86.ActiveCfg = Debug|Any CPU
		{518F49A8-875A-477F-8B13-15E2051B8516}.DebugSL4|x86.Build.0 = Debug|Any CPU
		{518F49A8-875A-477F-8B13-15E2051B8516}.DebugSL5|Any CPU.ActiveCfg = Debug|Any CPU
		{518F49A8-875A-477F-8B13-15E2051B8516}.DebugSL5|Any CPU.Build.0 = Debug|Any CPU
		{518F49A8-875A-477F-8B13-15E2051B8516}.DebugSL5|x86.ActiveCfg = Debug|Any CPU
		{518F49A8-875A-477F-8B13-15E2051B8516}.DebugSL5|x86.Build.0 = Debug|Any CPU
		{518F49A8-875A-477F-8B13-15E2051B8516}.DebugWP71|Any CPU.ActiveCfg = Debug|Any CPU
		{518F49A8-875A-477F-8B13-15E2051B8516}.DebugWP71|Any CPU.Build.0 = Debug|Any CPU
		{518F49A8-875A-477F-8B13-15E2051B8516}.DebugWP71|x86.ActiveCfg = Debug|Any CPU
		{518F49A8-875A-477F-8B13-15E2051B8516}.DebugWP71|x86.Build.0 = Debug|Any CPU
		{518F49A8-875A-477F-8B13-15E2051B8516}.DebugWP8|Any CPU.ActiveCfg = Debug|Any CPU
		{518F49A8-875A-477F-8B13-15E2051B8516}.DebugWP8|Any CPU.Build.0 = Debug|Any CPU
		{518F49A8-875A-477F-8B13-15E2051B8516}.DebugWP8|x86.ActiveCfg = Debug|Any CPU
		{518F49A8-875A-477F-8B13-15E2051B8516}.DebugWP8|x86.Build.0 = Debug|Any CPU
		{518F49A8-875A-477F-8B13-15E2051B8516}.DebugWPA81|Any CPU.ActiveCfg = Debug|Any CPU
		{518F49A8-875A-477F-8B13-15E2051B8516}.DebugWPA81|Any CPU.Build.0 = Debug|Any CPU
		{518F49A8-875A-477F-8B13-15E2051B8516}.DebugWPA81|x86.ActiveCfg = Debug|Any CPU
		{518F49A8-875A-477F-8B13-15E2051B8516}.DebugWPA81|x86.Build.0 = Debug|Any CPU
		{518F49A8-875A-477F-8B13-15E2051B8516}.Release35|Any CPU.ActiveCfg = Release|Any CPU
		{518F49A8-875A-477F-8B13-15E2051B8516}.Release35|Any CPU.Build.0 = Release|Any CPU
		{518F49A8-875A-477F-8B13-15E2051B8516}.Release35|x86.ActiveCfg = Release|Any CPU
		{518F49A8-875A-477F-8B13-15E2051B8516}.Release35|x86.Build.0 = Release|Any CPU
		{518F49A8-875A-477F-8B13-15E2051B8516}.Release40|Any CPU.ActiveCfg = Release|Any CPU
		{518F49A8-875A-477F-8B13-15E2051B8516}.Release40|Any CPU.Build.0 = Release|Any CPU
		{518F49A8-875A-477F-8B13-15E2051B8516}.Release40|x86.ActiveCfg = Release|Any CPU
		{518F49A8-875A-477F-8B13-15E2051B8516}.Release40|x86.Build.0 = Release|Any CPU
		{518F49A8-875A-477F-8B13-15E2051B8516}.Release45|Any CPU.ActiveCfg = Release|Any CPU
		{518F49A8-875A-477F-8B13-15E2051B8516}.Release45|Any CPU.Build.0 = Release|Any CPU
		{518F49A8-875A-477F-8B13-15E2051B8516}.Release45|x86.ActiveCfg = Release|Any CPU
		{518F49A8-875A-477F-8B13-15E2051B8516}.Release45|x86.Build.0 = Release|Any CPU
		{518F49A8-875A-477F-8B13-15E2051B8516}.ReleaseCore45|Any CPU.ActiveCfg = Release|Any CPU
		{518F49A8-875A-477F-8B13-15E2051B8516}.ReleaseCore45|Any CPU.Build.0 = Release|Any CPU
		{518F49A8-875A-477F-8B13-15E2051B8516}.ReleaseCore45|x86.ActiveCfg = Release|Any CPU
		{518F49A8-875A-477F-8B13-15E2051B8516}.ReleaseCore45|x86.Build.0 = Release|Any CPU
		{518F49A8-875A-477F-8B13-15E2051B8516}.ReleasePortable328|Any CPU.ActiveCfg = Release|Any CPU
		{518F49A8-875A-477F-8B13-15E2051B8516}.ReleasePortable328|Any CPU.Build.0 = Release|Any CPU
		{518F49A8-875A-477F-8B13-15E2051B8516}.ReleasePortable328|x86.ActiveCfg = Release|Any CPU
		{518F49A8-875A-477F-8B13-15E2051B8516}.ReleasePortable328|x86.Build.0 = Release|Any CPU
		{518F49A8-875A-477F-8B13-15E2051B8516}.ReleasePortable36|Any CPU.ActiveCfg = Release|Any CPU
		{518F49A8-875A-477F-8B13-15E2051B8516}.ReleasePortable36|Any CPU.Build.0 = Release|Any CPU
		{518F49A8-875A-477F-8B13-15E2051B8516}.ReleasePortable36|x86.ActiveCfg = Release|Any CPU
		{518F49A8-875A-477F-8B13-15E2051B8516}.ReleasePortable36|x86.Build.0 = Release|Any CPU
		{518F49A8-875A-477F-8B13-15E2051B8516}.ReleasePortable88|Any CPU.ActiveCfg = Release|Any CPU
		{518F49A8-875A-477F-8B13-15E2051B8516}.ReleasePortable88|Any CPU.Build.0 = Release|Any CPU
		{518F49A8-875A-477F-8B13-15E2051B8516}.ReleasePortable88|x86.ActiveCfg = Release|Any CPU
		{518F49A8-875A-477F-8B13-15E2051B8516}.ReleasePortable88|x86.Build.0 = Release|Any CPU
		{518F49A8-875A-477F-8B13-15E2051B8516}.ReleaseSL3|Any CPU.ActiveCfg = Release|Any CPU
		{518F49A8-875A-477F-8B13-15E2051B8516}.ReleaseSL3|Any CPU.Build.0 = Release|Any CPU
		{518F49A8-875A-477F-8B13-15E2051B8516}.ReleaseSL3|x86.ActiveCfg = Release|Any CPU
		{518F49A8-875A-477F-8B13-15E2051B8516}.ReleaseSL3|x86.Build.0 = Release|Any CPU
		{518F49A8-875A-477F-8B13-15E2051B8516}.ReleaseSL4|Any CPU.ActiveCfg = Release|Any CPU
		{518F49A8-875A-477F-8B13-15E2051B8516}.ReleaseSL4|Any CPU.Build.0 = Release|Any CPU
		{518F49A8-875A-477F-8B13-15E2051B8516}.ReleaseSL4|x86.ActiveCfg = Release|Any CPU
		{518F49A8-875A-477F-8B13-15E2051B8516}.ReleaseSL4|x86.Build.0 = Release|Any CPU
		{518F49A8-875A-477F-8B13-15E2051B8516}.ReleaseSL5|Any CPU.ActiveCfg = Release|Any CPU
		{518F49A8-875A-477F-8B13-15E2051B8516}.ReleaseSL5|Any CPU.Build.0 = Release|Any CPU
		{518F49A8-875A-477F-8B13-15E2051B8516}.ReleaseSL5|x86.ActiveCfg = Release|Any CPU
		{518F49A8-875A-477F-8B13-15E2051B8516}.ReleaseSL5|x86.Build.0 = Release|Any CPU
		{518F49A8-875A-477F-8B13-15E2051B8516}.ReleaseWP71|Any CPU.ActiveCfg = Release|Any CPU
		{518F49A8-875A-477F-8B13-15E2051B8516}.ReleaseWP71|Any CPU.Build.0 = Release|Any CPU
		{518F49A8-875A-477F-8B13-15E2051B8516}.ReleaseWP71|x86.ActiveCfg = Release|Any CPU
		{518F49A8-875A-477F-8B13-15E2051B8516}.ReleaseWP71|x86.Build.0 = Release|Any CPU
		{518F49A8-875A-477F-8B13-15E2051B8516}.ReleaseWP8|Any CPU.ActiveCfg = Release|Any CPU
		{518F49A8-875A-477F-8B13-15E2051B8516}.ReleaseWP8|Any CPU.Build.0 = Release|Any CPU
		{518F49A8-875A-477F-8B13-15E2051B8516}.ReleaseWP8|x86.ActiveCfg = Release|Any CPU
		{518F49A8-875A-477F-8B13-15E2051B8516}.ReleaseWP8|x86.Build.0 = Release|Any CPU
		{518F49A8-875A-477F-8B13-15E2051B8516}.ReleaseWPA81|Any CPU.ActiveCfg = Release|Any CPU
		{518F49A8-875A-477F-8B13-15E2051B8516}.ReleaseWPA81|Any CPU.Build.0 = Release|Any CPU
		{518F49A8-875A-477F-8B13-15E2051B8516}.ReleaseWPA81|x86.ActiveCfg = Release|Any CPU
		{518F49A8-875A-477F-8B13-15E2051B8516}.ReleaseWPA81|x86.Build.0 = Release|Any CPU
		{E1C9426A-4595-47B7-AA81-F7CEA242BF5F}.Debug35|Any CPU.ActiveCfg = Debug|Any CPU
		{E1C9426A-4595-47B7-AA81-F7CEA242BF5F}.Debug35|Any CPU.Build.0 = Debug|Any CPU
		{E1C9426A-4595-47B7-AA81-F7CEA242BF5F}.Debug35|x86.ActiveCfg = Debug|Any CPU
		{E1C9426A-4595-47B7-AA81-F7CEA242BF5F}.Debug35|x86.Build.0 = Debug|Any CPU
		{E1C9426A-4595-47B7-AA81-F7CEA242BF5F}.Debug40|Any CPU.ActiveCfg = Debug|Any CPU
		{E1C9426A-4595-47B7-AA81-F7CEA242BF5F}.Debug40|Any CPU.Build.0 = Debug|Any CPU
		{E1C9426A-4595-47B7-AA81-F7CEA242BF5F}.Debug40|x86.ActiveCfg = Debug|Any CPU
		{E1C9426A-4595-47B7-AA81-F7CEA242BF5F}.Debug40|x86.Build.0 = Debug|Any CPU
		{E1C9426A-4595-47B7-AA81-F7CEA242BF5F}.Debug45|Any CPU.ActiveCfg = Debug|Any CPU
		{E1C9426A-4595-47B7-AA81-F7CEA242BF5F}.Debug45|Any CPU.Build.0 = Debug|Any CPU
		{E1C9426A-4595-47B7-AA81-F7CEA242BF5F}.Debug45|x86.ActiveCfg = Debug|Any CPU
		{E1C9426A-4595-47B7-AA81-F7CEA242BF5F}.Debug45|x86.Build.0 = Debug|Any CPU
		{E1C9426A-4595-47B7-AA81-F7CEA242BF5F}.DebugCore45|Any CPU.ActiveCfg = Debug|Any CPU
		{E1C9426A-4595-47B7-AA81-F7CEA242BF5F}.DebugCore45|Any CPU.Build.0 = Debug|Any CPU
		{E1C9426A-4595-47B7-AA81-F7CEA242BF5F}.DebugCore45|x86.ActiveCfg = Debug|Any CPU
		{E1C9426A-4595-47B7-AA81-F7CEA242BF5F}.DebugCore45|x86.Build.0 = Debug|Any CPU
		{E1C9426A-4595-47B7-AA81-F7CEA242BF5F}.DebugPortable328|Any CPU.ActiveCfg = Debug|Any CPU
		{E1C9426A-4595-47B7-AA81-F7CEA242BF5F}.DebugPortable328|Any CPU.Build.0 = Debug|Any CPU
		{E1C9426A-4595-47B7-AA81-F7CEA242BF5F}.DebugPortable328|x86.ActiveCfg = Debug|Any CPU
		{E1C9426A-4595-47B7-AA81-F7CEA242BF5F}.DebugPortable328|x86.Build.0 = Debug|Any CPU
		{E1C9426A-4595-47B7-AA81-F7CEA242BF5F}.DebugPortable36|Any CPU.ActiveCfg = Debug|Any CPU
		{E1C9426A-4595-47B7-AA81-F7CEA242BF5F}.DebugPortable36|Any CPU.Build.0 = Debug|Any CPU
		{E1C9426A-4595-47B7-AA81-F7CEA242BF5F}.DebugPortable36|x86.ActiveCfg = Debug|Any CPU
		{E1C9426A-4595-47B7-AA81-F7CEA242BF5F}.DebugPortable36|x86.Build.0 = Debug|Any CPU
		{E1C9426A-4595-47B7-AA81-F7CEA242BF5F}.DebugPortable88|Any CPU.ActiveCfg = Debug|Any CPU
		{E1C9426A-4595-47B7-AA81-F7CEA242BF5F}.DebugPortable88|Any CPU.Build.0 = Debug|Any CPU
		{E1C9426A-4595-47B7-AA81-F7CEA242BF5F}.DebugPortable88|x86.ActiveCfg = Debug|Any CPU
		{E1C9426A-4595-47B7-AA81-F7CEA242BF5F}.DebugPortable88|x86.Build.0 = Debug|Any CPU
		{E1C9426A-4595-47B7-AA81-F7CEA242BF5F}.DebugSL3|Any CPU.ActiveCfg = Debug|Any CPU
		{E1C9426A-4595-47B7-AA81-F7CEA242BF5F}.DebugSL3|Any CPU.Build.0 = Debug|Any CPU
		{E1C9426A-4595-47B7-AA81-F7CEA242BF5F}.DebugSL3|x86.ActiveCfg = Debug|Any CPU
		{E1C9426A-4595-47B7-AA81-F7CEA242BF5F}.DebugSL3|x86.Build.0 = Debug|Any CPU
		{E1C9426A-4595-47B7-AA81-F7CEA242BF5F}.DebugSL4|Any CPU.ActiveCfg = Debug|Any CPU
		{E1C9426A-4595-47B7-AA81-F7CEA242BF5F}.DebugSL4|Any CPU.Build.0 = Debug|Any CPU
		{E1C9426A-4595-47B7-AA81-F7CEA242BF5F}.DebugSL4|x86.ActiveCfg = Debug|Any CPU
		{E1C9426A-4595-47B7-AA81-F7CEA242BF5F}.DebugSL4|x86.Build.0 = Debug|Any CPU
		{E1C9426A-4595-47B7-AA81-F7CEA242BF5F}.DebugSL5|Any CPU.ActiveCfg = Debug|Any CPU
		{E1C9426A-4595-47B7-AA81-F7CEA242BF5F}.DebugSL5|Any CPU.Build.0 = Debug|Any CPU
		{E1C9426A-4595-47B7-AA81-F7CEA242BF5F}.DebugSL5|x86.ActiveCfg = Debug|Any CPU
		{E1C9426A-4595-47B7-AA81-F7CEA242BF5F}.DebugSL5|x86.Build.0 = Debug|Any CPU
		{E1C9426A-4595-47B7-AA81-F7CEA242BF5F}.DebugWP71|Any CPU.ActiveCfg = Debug|Any CPU
		{E1C9426A-4595-47B7-AA81-F7CEA242BF5F}.DebugWP71|Any CPU.Build.0 = Debug|Any CPU
		{E1C9426A-4595-47B7-AA81-F7CEA242BF5F}.DebugWP71|x86.ActiveCfg = Debug|Any CPU
		{E1C9426A-4595-47B7-AA81-F7CEA242BF5F}.DebugWP71|x86.Build.0 = Debug|Any CPU
		{E1C9426A-4595-47B7-AA81-F7CEA242BF5F}.DebugWP8|Any CPU.ActiveCfg = Debug|Any CPU
		{E1C9426A-4595-47B7-AA81-F7CEA242BF5F}.DebugWP8|Any CPU.Build.0 = Debug|Any CPU
		{E1C9426A-4595-47B7-AA81-F7CEA242BF5F}.DebugWP8|x86.ActiveCfg = Debug|Any CPU
		{E1C9426A-4595-47B7-AA81-F7CEA242BF5F}.DebugWP8|x86.Build.0 = Debug|Any CPU
		{E1C9426A-4595-47B7-AA81-F7CEA242BF5F}.DebugWPA81|Any CPU.ActiveCfg = Debug|Any CPU
		{E1C9426A-4595-47B7-AA81-F7CEA242BF5F}.DebugWPA81|Any CPU.Build.0 = Debug|Any CPU
		{E1C9426A-4595-47B7-AA81-F7CEA242BF5F}.DebugWPA81|x86.ActiveCfg = Debug|Any CPU
		{E1C9426A-4595-47B7-AA81-F7CEA242BF5F}.DebugWPA81|x86.Build.0 = Debug|Any CPU
		{E1C9426A-4595-47B7-AA81-F7CEA242BF5F}.Release35|Any CPU.ActiveCfg = Release|Any CPU
		{E1C9426A-4595-47B7-AA81-F7CEA242BF5F}.Release35|Any CPU.Build.0 = Release|Any CPU
		{E1C9426A-4595-47B7-AA81-F7CEA242BF5F}.Release35|x86.ActiveCfg = Release|Any CPU
		{E1C9426A-4595-47B7-AA81-F7CEA242BF5F}.Release35|x86.Build.0 = Release|Any CPU
		{E1C9426A-4595-47B7-AA81-F7CEA242BF5F}.Release40|Any CPU.ActiveCfg = Release|Any CPU
		{E1C9426A-4595-47B7-AA81-F7CEA242BF5F}.Release40|Any CPU.Build.0 = Release|Any CPU
		{E1C9426A-4595-47B7-AA81-F7CEA242BF5F}.Release40|x86.ActiveCfg = Release|Any CPU
		{E1C9426A-4595-47B7-AA81-F7CEA242BF5F}.Release40|x86.Build.0 = Release|Any CPU
		{E1C9426A-4595-47B7-AA81-F7CEA242BF5F}.Release45|Any CPU.ActiveCfg = Release|Any CPU
		{E1C9426A-4595-47B7-AA81-F7CEA242BF5F}.Release45|Any CPU.Build.0 = Release|Any CPU
		{E1C9426A-4595-47B7-AA81-F7CEA242BF5F}.Release45|x86.ActiveCfg = Release|Any CPU
		{E1C9426A-4595-47B7-AA81-F7CEA242BF5F}.Release45|x86.Build.0 = Release|Any CPU
		{E1C9426A-4595-47B7-AA81-F7CEA242BF5F}.ReleaseCore45|Any CPU.ActiveCfg = Release|Any CPU
		{E1C9426A-4595-47B7-AA81-F7CEA242BF5F}.ReleaseCore45|Any CPU.Build.0 = Release|Any CPU
		{E1C9426A-4595-47B7-AA81-F7CEA242BF5F}.ReleaseCore45|x86.ActiveCfg = Release|Any CPU
		{E1C9426A-4595-47B7-AA81-F7CEA242BF5F}.ReleaseCore45|x86.Build.0 = Release|Any CPU
		{E1C9426A-4595-47B7-AA81-F7CEA242BF5F}.ReleasePortable328|Any CPU.ActiveCfg = Release|Any CPU
		{E1C9426A-4595-47B7-AA81-F7CEA242BF5F}.ReleasePortable328|Any CPU.Build.0 = Release|Any CPU
		{E1C9426A-4595-47B7-AA81-F7CEA242BF5F}.ReleasePortable328|x86.ActiveCfg = Release|Any CPU
		{E1C9426A-4595-47B7-AA81-F7CEA242BF5F}.ReleasePortable328|x86.Build.0 = Release|Any CPU
		{E1C9426A-4595-47B7-AA81-F7CEA242BF5F}.ReleasePortable36|Any CPU.ActiveCfg = Release|Any CPU
		{E1C9426A-4595-47B7-AA81-F7CEA242BF5F}.ReleasePortable36|Any CPU.Build.0 = Release|Any CPU
		{E1C9426A-4595-47B7-AA81-F7CEA242BF5F}.ReleasePortable36|x86.ActiveCfg = Release|Any CPU
		{E1C9426A-4595-47B7-AA81-F7CEA242BF5F}.ReleasePortable36|x86.Build.0 = Release|Any CPU
		{E1C9426A-4595-47B7-AA81-F7CEA242BF5F}.ReleasePortable88|Any CPU.ActiveCfg = Release|Any CPU
		{E1C9426A-4595-47B7-AA81-F7CEA242BF5F}.ReleasePortable88|Any CPU.Build.0 = Release|Any CPU
		{E1C9426A-4595-47B7-AA81-F7CEA242BF5F}.ReleasePortable88|x86.ActiveCfg = Release|Any CPU
		{E1C9426A-4595-47B7-AA81-F7CEA242BF5F}.ReleasePortable88|x86.Build.0 = Release|Any CPU
		{E1C9426A-4595-47B7-AA81-F7CEA242BF5F}.ReleaseSL3|Any CPU.ActiveCfg = Release|Any CPU
		{E1C9426A-4595-47B7-AA81-F7CEA242BF5F}.ReleaseSL3|Any CPU.Build.0 = Release|Any CPU
		{E1C9426A-4595-47B7-AA81-F7CEA242BF5F}.ReleaseSL3|x86.ActiveCfg = Release|Any CPU
		{E1C9426A-4595-47B7-AA81-F7CEA242BF5F}.ReleaseSL3|x86.Build.0 = Release|Any CPU
		{E1C9426A-4595-47B7-AA81-F7CEA242BF5F}.ReleaseSL4|Any CPU.ActiveCfg = Release|Any CPU
		{E1C9426A-4595-47B7-AA81-F7CEA242BF5F}.ReleaseSL4|Any CPU.Build.0 = Release|Any CPU
		{E1C9426A-4595-47B7-AA81-F7CEA242BF5F}.ReleaseSL4|x86.ActiveCfg = Release|Any CPU
		{E1C9426A-4595-47B7-AA81-F7CEA242BF5F}.ReleaseSL4|x86.Build.0 = Release|Any CPU
		{E1C9426A-4595-47B7-AA81-F7CEA242BF5F}.ReleaseSL5|Any CPU.ActiveCfg = Release|Any CPU
		{E1C9426A-4595-47B7-AA81-F7CEA242BF5F}.ReleaseSL5|Any CPU.Build.0 = Release|Any CPU
		{E1C9426A-4595-47B7-AA81-F7CEA242BF5F}.ReleaseSL5|x86.ActiveCfg = Release|Any CPU
		{E1C9426A-4595-47B7-AA81-F7CEA242BF5F}.ReleaseSL5|x86.Build.0 = Release|Any CPU
		{E1C9426A-4595-47B7-AA81-F7CEA242BF5F}.ReleaseWP71|Any CPU.ActiveCfg = Release|Any CPU
		{E1C9426A-4595-47B7-AA81-F7CEA242BF5F}.ReleaseWP71|Any CPU.Build.0 = Release|Any CPU
		{E1C9426A-4595-47B7-AA81-F7CEA242BF5F}.ReleaseWP71|x86.ActiveCfg = Release|Any CPU
		{E1C9426A-4595-47B7-AA81-F7CEA242BF5F}.ReleaseWP71|x86.Build.0 = Release|Any CPU
		{E1C9426A-4595-47B7-AA81-F7CEA242BF5F}.ReleaseWP8|Any CPU.ActiveCfg = Release|Any CPU
		{E1C9426A-4595-47B7-AA81-F7CEA242BF5F}.ReleaseWP8|Any CPU.Build.0 = Release|Any CPU
		{E1C9426A-4595-47B7-AA81-F7CEA242BF5F}.ReleaseWP8|x86.ActiveCfg = Release|Any CPU
		{E1C9426A-4595-47B7-AA81-F7CEA242BF5F}.ReleaseWP8|x86.Build.0 = Release|Any CPU
		{E1C9426A-4595-47B7-AA81-F7CEA242BF5F}.ReleaseWPA81|Any CPU.ActiveCfg = Release|Any CPU
		{E1C9426A-4595-47B7-AA81-F7CEA242BF5F}.ReleaseWPA81|Any CPU.Build.0 = Release|Any CPU
		{E1C9426A-4595-47B7-AA81-F7CEA242BF5F}.ReleaseWPA81|x86.ActiveCfg = Release|Any CPU
		{E1C9426A-4595-47B7-AA81-F7CEA242BF5F}.ReleaseWPA81|x86.Build.0 = Release|Any CPU
	EndGlobalSection
	GlobalSection(SolutionProperties) = preSolution
		HideSolutionNode = FALSE
	EndGlobalSection
	GlobalSection(ExtensibilityGlobals) = postSolution
		SolutionGuid = {94B7FEE5-94A0-4560-B79A-B1CCE77D0DED}
	EndGlobalSection
EndGlobal
